// !$*UTF8*$!
{
	archiveVersion = 1;
	classes = {
	};
	objectVersion = 50;
	objects = {

/* Begin PBXBuildFile section */
		025F7FDC259083210034A175 /* AppDelegate.swift in Sources */ = {isa = PBXBuildFile; fileRef = 025F7FDB259083210034A175 /* AppDelegate.swift */; };
		025F7FDE259083210034A175 /* SceneDelegate.swift in Sources */ = {isa = PBXBuildFile; fileRef = 025F7FDD259083210034A175 /* SceneDelegate.swift */; };
		025F7FE0259083210034A175 /* ViewController.swift in Sources */ = {isa = PBXBuildFile; fileRef = 025F7FDF259083210034A175 /* ViewController.swift */; };
		025F7FE3259083210034A175 /* Main.storyboard in Resources */ = {isa = PBXBuildFile; fileRef = 025F7FE1259083210034A175 /* Main.storyboard */; };
		025F7FE5259083250034A175 /* Assets.xcassets in Resources */ = {isa = PBXBuildFile; fileRef = 025F7FE4259083250034A175 /* Assets.xcassets */; };
		025F7FE8259083250034A175 /* LaunchScreen.storyboard in Resources */ = {isa = PBXBuildFile; fileRef = 025F7FE6259083250034A175 /* LaunchScreen.storyboard */; };
		025F7FF3259083250034A175 /* TikiTokerTests.swift in Sources */ = {isa = PBXBuildFile; fileRef = 025F7FF2259083250034A175 /* TikiTokerTests.swift */; };
		025F7FFE259083250034A175 /* TikiTokerUITests.swift in Sources */ = {isa = PBXBuildFile; fileRef = 025F7FFD259083250034A175 /* TikiTokerUITests.swift */; };
/* End PBXBuildFile section */

/* Begin PBXContainerItemProxy section */
		025F7FEF259083250034A175 /* PBXContainerItemProxy */ = {
			isa = PBXContainerItemProxy;
			containerPortal = 025F7FD0259083210034A175 /* Project object */;
			proxyType = 1;
			remoteGlobalIDString = 025F7FD7259083210034A175;
			remoteInfo = TikiToker;
		};
		025F7FFA259083250034A175 /* PBXContainerItemProxy */ = {
			isa = PBXContainerItemProxy;
			containerPortal = 025F7FD0259083210034A175 /* Project object */;
			proxyType = 1;
			remoteGlobalIDString = 025F7FD7259083210034A175;
			remoteInfo = TikiToker;
		};
/* End PBXContainerItemProxy section */

/* Begin PBXFileReference section */
		025F7FD8259083210034A175 /* TikiToker.app */ = {isa = PBXFileReference; explicitFileType = wrapper.application; includeInIndex = 0; path = TikiToker.app; sourceTree = BUILT_PRODUCTS_DIR; };
		025F7FDB259083210034A175 /* AppDelegate.swift */ = {isa = PBXFileReference; lastKnownFileType = sourcecode.swift; path = AppDelegate.swift; sourceTree = "<group>"; };
		025F7FDD259083210034A175 /* SceneDelegate.swift */ = {isa = PBXFileReference; lastKnownFileType = sourcecode.swift; path = SceneDelegate.swift; sourceTree = "<group>"; };
		025F7FDF259083210034A175 /* ViewController.swift */ = {isa = PBXFileReference; lastKnownFileType = sourcecode.swift; path = ViewController.swift; sourceTree = "<group>"; };
		025F7FE2259083210034A175 /* Base */ = {isa = PBXFileReference; lastKnownFileType = file.storyboard; name = Base; path = Base.lproj/Main.storyboard; sourceTree = "<group>"; };
		025F7FE4259083250034A175 /* Assets.xcassets */ = {isa = PBXFileReference; lastKnownFileType = folder.assetcatalog; path = Assets.xcassets; sourceTree = "<group>"; };
		025F7FE7259083250034A175 /* Base */ = {isa = PBXFileReference; lastKnownFileType = file.storyboard; name = Base; path = Base.lproj/LaunchScreen.storyboard; sourceTree = "<group>"; };
		025F7FE9259083250034A175 /* Info.plist */ = {isa = PBXFileReference; lastKnownFileType = text.plist.xml; path = Info.plist; sourceTree = "<group>"; };
		025F7FEE259083250034A175 /* TikiTokerTests.xctest */ = {isa = PBXFileReference; explicitFileType = wrapper.cfbundle; includeInIndex = 0; path = TikiTokerTests.xctest; sourceTree = BUILT_PRODUCTS_DIR; };
		025F7FF2259083250034A175 /* TikiTokerTests.swift */ = {isa = PBXFileReference; lastKnownFileType = sourcecode.swift; path = TikiTokerTests.swift; sourceTree = "<group>"; };
		025F7FF4259083250034A175 /* Info.plist */ = {isa = PBXFileReference; lastKnownFileType = text.plist.xml; path = Info.plist; sourceTree = "<group>"; };
		025F7FF9259083250034A175 /* TikiTokerUITests.xctest */ = {isa = PBXFileReference; explicitFileType = wrapper.cfbundle; includeInIndex = 0; path = TikiTokerUITests.xctest; sourceTree = BUILT_PRODUCTS_DIR; };
		025F7FFD259083250034A175 /* TikiTokerUITests.swift */ = {isa = PBXFileReference; lastKnownFileType = sourcecode.swift; path = TikiTokerUITests.swift; sourceTree = "<group>"; };
		025F7FFF259083250034A175 /* Info.plist */ = {isa = PBXFileReference; lastKnownFileType = text.plist.xml; path = Info.plist; sourceTree = "<group>"; };
/* End PBXFileReference section */

/* Begin PBXFrameworksBuildPhase section */
		025F7FD5259083210034A175 /* Frameworks */ = {
			isa = PBXFrameworksBuildPhase;
			buildActionMask = 2147483647;
			files = (
			);
			runOnlyForDeploymentPostprocessing = 0;
		};
		025F7FEB259083250034A175 /* Frameworks */ = {
			isa = PBXFrameworksBuildPhase;
			buildActionMask = 2147483647;
			files = (
			);
			runOnlyForDeploymentPostprocessing = 0;
		};
		025F7FF6259083250034A175 /* Frameworks */ = {
			isa = PBXFrameworksBuildPhase;
			buildActionMask = 2147483647;
			files = (
			);
			runOnlyForDeploymentPostprocessing = 0;
		};
/* End PBXFrameworksBuildPhase section */

/* Begin PBXGroup section */
		025F7FCF259083210034A175 = {
			isa = PBXGroup;
			children = (
				025F7FDA259083210034A175 /* TikiToker */,
				025F7FF1259083250034A175 /* TikiTokerTests */,
				025F7FFC259083250034A175 /* TikiTokerUITests */,
				025F7FD9259083210034A175 /* Products */,
			);
			sourceTree = "<group>";
		};
		025F7FD9259083210034A175 /* Products */ = {
			isa = PBXGroup;
			children = (
				025F7FD8259083210034A175 /* TikiToker.app */,
				025F7FEE259083250034A175 /* TikiTokerTests.xctest */,
				025F7FF9259083250034A175 /* TikiTokerUITests.xctest */,
			);
			name = Products;
			sourceTree = "<group>";
		};
		025F7FDA259083210034A175 /* TikiToker */ = {
			isa = PBXGroup;
			children = (
				025F7FDB259083210034A175 /* AppDelegate.swift */,
				025F7FDD259083210034A175 /* SceneDelegate.swift */,
				025F7FDF259083210034A175 /* ViewController.swift */,
				025F7FE1259083210034A175 /* Main.storyboard */,
				025F7FE4259083250034A175 /* Assets.xcassets */,
				025F7FE6259083250034A175 /* LaunchScreen.storyboard */,
				025F7FE9259083250034A175 /* Info.plist */,
			);
			path = TikiToker;
			sourceTree = "<group>";
		};
		025F7FF1259083250034A175 /* TikiTokerTests */ = {
			isa = PBXGroup;
			children = (
				025F7FF2259083250034A175 /* TikiTokerTests.swift */,
				025F7FF4259083250034A175 /* Info.plist */,
			);
			path = TikiTokerTests;
			sourceTree = "<group>";
		};
		025F7FFC259083250034A175 /* TikiTokerUITests */ = {
			isa = PBXGroup;
			children = (
				025F7FFD259083250034A175 /* TikiTokerUITests.swift */,
				025F7FFF259083250034A175 /* Info.plist */,
			);
			path = TikiTokerUITests;
			sourceTree = "<group>";
		};
/* End PBXGroup section */

/* Begin PBXNativeTarget section */
		025F7FD7259083210034A175 /* TikiToker */ = {
			isa = PBXNativeTarget;
			buildConfigurationList = 025F8002259083250034A175 /* Build configuration list for PBXNativeTarget "TikiToker" */;
			buildPhases = (
				025F7FD4259083210034A175 /* Sources */,
				025F7FD5259083210034A175 /* Frameworks */,
				025F7FD6259083210034A175 /* Resources */,
			);
			buildRules = (
			);
			dependencies = (
			);
			name = TikiToker;
			productName = TikiToker;
			productReference = 025F7FD8259083210034A175 /* TikiToker.app */;
			productType = "com.apple.product-type.application";
		};
		025F7FED259083250034A175 /* TikiTokerTests */ = {
			isa = PBXNativeTarget;
			buildConfigurationList = 025F8005259083250034A175 /* Build configuration list for PBXNativeTarget "TikiTokerTests" */;
			buildPhases = (
				025F7FEA259083250034A175 /* Sources */,
				025F7FEB259083250034A175 /* Frameworks */,
				025F7FEC259083250034A175 /* Resources */,
			);
			buildRules = (
			);
			dependencies = (
				025F7FF0259083250034A175 /* PBXTargetDependency */,
			);
			name = TikiTokerTests;
			productName = TikiTokerTests;
			productReference = 025F7FEE259083250034A175 /* TikiTokerTests.xctest */;
			productType = "com.apple.product-type.bundle.unit-test";
		};
		025F7FF8259083250034A175 /* TikiTokerUITests */ = {
			isa = PBXNativeTarget;
			buildConfigurationList = 025F8008259083250034A175 /* Build configuration list for PBXNativeTarget "TikiTokerUITests" */;
			buildPhases = (
				025F7FF5259083250034A175 /* Sources */,
				025F7FF6259083250034A175 /* Frameworks */,
				025F7FF7259083250034A175 /* Resources */,
			);
			buildRules = (
			);
			dependencies = (
				025F7FFB259083250034A175 /* PBXTargetDependency */,
			);
			name = TikiTokerUITests;
			productName = TikiTokerUITests;
			productReference = 025F7FF9259083250034A175 /* TikiTokerUITests.xctest */;
			productType = "com.apple.product-type.bundle.ui-testing";
		};
/* End PBXNativeTarget section */

/* Begin PBXProject section */
		025F7FD0259083210034A175 /* Project object */ = {
			isa = PBXProject;
			attributes = {
				LastSwiftUpdateCheck = 1230;
				LastUpgradeCheck = 1230;
				TargetAttributes = {
					025F7FD7259083210034A175 = {
						CreatedOnToolsVersion = 12.3;
					};
					025F7FED259083250034A175 = {
						CreatedOnToolsVersion = 12.3;
						TestTargetID = 025F7FD7259083210034A175;
					};
					025F7FF8259083250034A175 = {
						CreatedOnToolsVersion = 12.3;
						TestTargetID = 025F7FD7259083210034A175;
					};
				};
			};
			buildConfigurationList = 025F7FD3259083210034A175 /* Build configuration list for PBXProject "TikiToker" */;
			compatibilityVersion = "Xcode 9.3";
			developmentRegion = en;
			hasScannedForEncodings = 0;
			knownRegions = (
				en,
				Base,
			);
			mainGroup = 025F7FCF259083210034A175;
			productRefGroup = 025F7FD9259083210034A175 /* Products */;
			projectDirPath = "";
			projectRoot = "";
			targets = (
				025F7FD7259083210034A175 /* TikiToker */,
				025F7FED259083250034A175 /* TikiTokerTests */,
				025F7FF8259083250034A175 /* TikiTokerUITests */,
			);
		};
/* End PBXProject section */

/* Begin PBXResourcesBuildPhase section */
		025F7FD6259083210034A175 /* Resources */ = {
			isa = PBXResourcesBuildPhase;
			buildActionMask = 2147483647;
			files = (
				025F7FE8259083250034A175 /* LaunchScreen.storyboard in Resources */,
				025F7FE5259083250034A175 /* Assets.xcassets in Resources */,
				025F7FE3259083210034A175 /* Main.storyboard in Resources */,
			);
			runOnlyForDeploymentPostprocessing = 0;
		};
		025F7FEC259083250034A175 /* Resources */ = {
			isa = PBXResourcesBuildPhase;
			buildActionMask = 2147483647;
			files = (
			);
			runOnlyForDeploymentPostprocessing = 0;
		};
		025F7FF7259083250034A175 /* Resources */ = {
			isa = PBXResourcesBuildPhase;
			buildActionMask = 2147483647;
			files = (
			);
			runOnlyForDeploymentPostprocessing = 0;
		};
/* End PBXResourcesBuildPhase section */

/* Begin PBXSourcesBuildPhase section */
		025F7FD4259083210034A175 /* Sources */ = {
			isa = PBXSourcesBuildPhase;
			buildActionMask = 2147483647;
			files = (
				025F7FE0259083210034A175 /* ViewController.swift in Sources */,
				025F7FDC259083210034A175 /* AppDelegate.swift in Sources */,
				025F7FDE259083210034A175 /* SceneDelegate.swift in Sources */,
			);
			runOnlyForDeploymentPostprocessing = 0;
		};
		025F7FEA259083250034A175 /* Sources */ = {
			isa = PBXSourcesBuildPhase;
			buildActionMask = 2147483647;
			files = (
				025F7FF3259083250034A175 /* TikiTokerTests.swift in Sources */,
			);
			runOnlyForDeploymentPostprocessing = 0;
		};
		025F7FF5259083250034A175 /* Sources */ = {
			isa = PBXSourcesBuildPhase;
			buildActionMask = 2147483647;
			files = (
				025F7FFE259083250034A175 /* TikiTokerUITests.swift in Sources */,
			);
			runOnlyForDeploymentPostprocessing = 0;
		};
/* End PBXSourcesBuildPhase section */

/* Begin PBXTargetDependency section */
		025F7FF0259083250034A175 /* PBXTargetDependency */ = {
			isa = PBXTargetDependency;
			target = 025F7FD7259083210034A175 /* TikiToker */;
			targetProxy = 025F7FEF259083250034A175 /* PBXContainerItemProxy */;
		};
		025F7FFB259083250034A175 /* PBXTargetDependency */ = {
			isa = PBXTargetDependency;
			target = 025F7FD7259083210034A175 /* TikiToker */;
			targetProxy = 025F7FFA259083250034A175 /* PBXContainerItemProxy */;
		};
/* End PBXTargetDependency section */

/* Begin PBXVariantGroup section */
		025F7FE1259083210034A175 /* Main.storyboard */ = {
			isa = PBXVariantGroup;
			children = (
				025F7FE2259083210034A175 /* Base */,
			);
			name = Main.storyboard;
			sourceTree = "<group>";
		};
		025F7FE6259083250034A175 /* LaunchScreen.storyboard */ = {
			isa = PBXVariantGroup;
			children = (
				025F7FE7259083250034A175 /* Base */,
			);
			name = LaunchScreen.storyboard;
			sourceTree = "<group>";
		};
/* End PBXVariantGroup section */

/* Begin XCBuildConfiguration section */
		025F8000259083250034A175 /* Debug */ = {
			isa = XCBuildConfiguration;
			buildSettings = {
				ALWAYS_SEARCH_USER_PATHS = NO;
				CLANG_ANALYZER_NONNULL = YES;
				CLANG_ANALYZER_NUMBER_OBJECT_CONVERSION = YES_AGGRESSIVE;
				CLANG_CXX_LANGUAGE_STANDARD = "gnu++14";
				CLANG_CXX_LIBRARY = "libc++";
				CLANG_ENABLE_MODULES = YES;
				CLANG_ENABLE_OBJC_ARC = YES;
				CLANG_ENABLE_OBJC_WEAK = YES;
				CLANG_WARN_BLOCK_CAPTURE_AUTORELEASING = YES;
				CLANG_WARN_BOOL_CONVERSION = YES;
				CLANG_WARN_COMMA = YES;
				CLANG_WARN_CONSTANT_CONVERSION = YES;
				CLANG_WARN_DEPRECATED_OBJC_IMPLEMENTATIONS = YES;
				CLANG_WARN_DIRECT_OBJC_ISA_USAGE = YES_ERROR;
				CLANG_WARN_DOCUMENTATION_COMMENTS = YES;
				CLANG_WARN_EMPTY_BODY = YES;
				CLANG_WARN_ENUM_CONVERSION = YES;
				CLANG_WARN_INFINITE_RECURSION = YES;
				CLANG_WARN_INT_CONVERSION = YES;
				CLANG_WARN_NON_LITERAL_NULL_CONVERSION = YES;
				CLANG_WARN_OBJC_IMPLICIT_RETAIN_SELF = YES;
				CLANG_WARN_OBJC_LITERAL_CONVERSION = YES;
				CLANG_WARN_OBJC_ROOT_CLASS = YES_ERROR;
				CLANG_WARN_QUOTED_INCLUDE_IN_FRAMEWORK_HEADER = YES;
				CLANG_WARN_RANGE_LOOP_ANALYSIS = YES;
				CLANG_WARN_STRICT_PROTOTYPES = YES;
				CLANG_WARN_SUSPICIOUS_MOVE = YES;
				CLANG_WARN_UNGUARDED_AVAILABILITY = YES_AGGRESSIVE;
				CLANG_WARN_UNREACHABLE_CODE = YES;
				CLANG_WARN__DUPLICATE_METHOD_MATCH = YES;
				COPY_PHASE_STRIP = NO;
				DEBUG_INFORMATION_FORMAT = dwarf;
				ENABLE_STRICT_OBJC_MSGSEND = YES;
				ENABLE_TESTABILITY = YES;
				GCC_C_LANGUAGE_STANDARD = gnu11;
				GCC_DYNAMIC_NO_PIC = NO;
				GCC_NO_COMMON_BLOCKS = YES;
				GCC_OPTIMIZATION_LEVEL = 0;
				GCC_PREPROCESSOR_DEFINITIONS = (
					"DEBUG=1",
					"$(inherited)",
				);
				GCC_WARN_64_TO_32_BIT_CONVERSION = YES;
				GCC_WARN_ABOUT_RETURN_TYPE = YES_ERROR;
				GCC_WARN_UNDECLARED_SELECTOR = YES;
				GCC_WARN_UNINITIALIZED_AUTOS = YES_AGGRESSIVE;
				GCC_WARN_UNUSED_FUNCTION = YES;
				GCC_WARN_UNUSED_VARIABLE = YES;
				IPHONEOS_DEPLOYMENT_TARGET = 14.3;
				MTL_ENABLE_DEBUG_INFO = INCLUDE_SOURCE;
				MTL_FAST_MATH = YES;
				ONLY_ACTIVE_ARCH = YES;
				SDKROOT = iphoneos;
				SWIFT_ACTIVE_COMPILATION_CONDITIONS = DEBUG;
				SWIFT_OPTIMIZATION_LEVEL = "-Onone";
			};
			name = Debug;
		};
		025F8001259083250034A175 /* Release */ = {
			isa = XCBuildConfiguration;
			buildSettings = {
				ALWAYS_SEARCH_USER_PATHS = NO;
				CLANG_ANALYZER_NONNULL = YES;
				CLANG_ANALYZER_NUMBER_OBJECT_CONVERSION = YES_AGGRESSIVE;
				CLANG_CXX_LANGUAGE_STANDARD = "gnu++14";
				CLANG_CXX_LIBRARY = "libc++";
				CLANG_ENABLE_MODULES = YES;
				CLANG_ENABLE_OBJC_ARC = YES;
				CLANG_ENABLE_OBJC_WEAK = YES;
				CLANG_WARN_BLOCK_CAPTURE_AUTORELEASING = YES;
				CLANG_WARN_BOOL_CONVERSION = YES;
				CLANG_WARN_COMMA = YES;
				CLANG_WARN_CONSTANT_CONVERSION = YES;
				CLANG_WARN_DEPRECATED_OBJC_IMPLEMENTATIONS = YES;
				CLANG_WARN_DIRECT_OBJC_ISA_USAGE = YES_ERROR;
				CLANG_WARN_DOCUMENTATION_COMMENTS = YES;
				CLANG_WARN_EMPTY_BODY = YES;
				CLANG_WARN_ENUM_CONVERSION = YES;
				CLANG_WARN_INFINITE_RECURSION = YES;
				CLANG_WARN_INT_CONVERSION = YES;
				CLANG_WARN_NON_LITERAL_NULL_CONVERSION = YES;
				CLANG_WARN_OBJC_IMPLICIT_RETAIN_SELF = YES;
				CLANG_WARN_OBJC_LITERAL_CONVERSION = YES;
				CLANG_WARN_OBJC_ROOT_CLASS = YES_ERROR;
				CLANG_WARN_QUOTED_INCLUDE_IN_FRAMEWORK_HEADER = YES;
				CLANG_WARN_RANGE_LOOP_ANALYSIS = YES;
				CLANG_WARN_STRICT_PROTOTYPES = YES;
				CLANG_WARN_SUSPICIOUS_MOVE = YES;
				CLANG_WARN_UNGUARDED_AVAILABILITY = YES_AGGRESSIVE;
				CLANG_WARN_UNREACHABLE_CODE = YES;
				CLANG_WARN__DUPLICATE_METHOD_MATCH = YES;
				COPY_PHASE_STRIP = NO;
				DEBUG_INFORMATION_FORMAT = "dwarf-with-dsym";
				ENABLE_NS_ASSERTIONS = NO;
				ENABLE_STRICT_OBJC_MSGSEND = YES;
				GCC_C_LANGUAGE_STANDARD = gnu11;
				GCC_NO_COMMON_BLOCKS = YES;
				GCC_WARN_64_TO_32_BIT_CONVERSION = YES;
				GCC_WARN_ABOUT_RETURN_TYPE = YES_ERROR;
				GCC_WARN_UNDECLARED_SELECTOR = YES;
				GCC_WARN_UNINITIALIZED_AUTOS = YES_AGGRESSIVE;
				GCC_WARN_UNUSED_FUNCTION = YES;
				GCC_WARN_UNUSED_VARIABLE = YES;
				IPHONEOS_DEPLOYMENT_TARGET = 14.3;
				MTL_ENABLE_DEBUG_INFO = NO;
				MTL_FAST_MATH = YES;
				SDKROOT = iphoneos;
				SWIFT_COMPILATION_MODE = wholemodule;
				SWIFT_OPTIMIZATION_LEVEL = "-O";
				VALIDATE_PRODUCT = YES;
			};
			name = Release;
		};
		025F8003259083250034A175 /* Debug */ = {
			isa = XCBuildConfiguration;
			buildSettings = {
				ASSETCATALOG_COMPILER_APPICON_NAME = AppIcon;
				ASSETCATALOG_COMPILER_GLOBAL_ACCENT_COLOR_NAME = AccentColor;
				CODE_SIGN_STYLE = Automatic;
				DEVELOPMENT_TEAM = CVR223BS4M;
				INFOPLIST_FILE = TikiToker/Info.plist;
				LD_RUNPATH_SEARCH_PATHS = (
					"$(inherited)",
					"@executable_path/Frameworks",
				);
				PRODUCT_BUNDLE_IDENTIFIER = com.personal.TikiToker;
				PRODUCT_NAME = "$(TARGET_NAME)";
				SWIFT_VERSION = 5.0;
				TARGETED_DEVICE_FAMILY = "1,2";
			};
			name = Debug;
		};
		025F8004259083250034A175 /* Release */ = {
			isa = XCBuildConfiguration;
			buildSettings = {
				ASSETCATALOG_COMPILER_APPICON_NAME = AppIcon;
				ASSETCATALOG_COMPILER_GLOBAL_ACCENT_COLOR_NAME = AccentColor;
				CODE_SIGN_STYLE = Automatic;
				DEVELOPMENT_TEAM = CVR223BS4M;
				INFOPLIST_FILE = TikiToker/Info.plist;
				LD_RUNPATH_SEARCH_PATHS = (
					"$(inherited)",
					"@executable_path/Frameworks",
				);
				PRODUCT_BUNDLE_IDENTIFIER = com.personal.TikiToker;
				PRODUCT_NAME = "$(TARGET_NAME)";
				SWIFT_VERSION = 5.0;
				TARGETED_DEVICE_FAMILY = "1,2";
			};
			name = Release;
		};
		025F8006259083250034A175 /* Debug */ = {
			isa = XCBuildConfiguration;
			buildSettings = {
				ALWAYS_EMBED_SWIFT_STANDARD_LIBRARIES = YES;
				BUNDLE_LOADER = "$(TEST_HOST)";
				CODE_SIGN_STYLE = Automatic;
				DEVELOPMENT_TEAM = CVR223BS4M;
				INFOPLIST_FILE = TikiTokerTests/Info.plist;
				IPHONEOS_DEPLOYMENT_TARGET = 14.3;
				LD_RUNPATH_SEARCH_PATHS = (
					"$(inherited)",
					"@executable_path/Frameworks",
					"@loader_path/Frameworks",
				);
				PRODUCT_BUNDLE_IDENTIFIER = com.personal.TikiTokerTests;
				PRODUCT_NAME = "$(TARGET_NAME)";
				SWIFT_VERSION = 5.0;
				TARGETED_DEVICE_FAMILY = "1,2";
				TEST_HOST = "$(BUILT_PRODUCTS_DIR)/TikiToker.app/TikiToker";
			};
			name = Debug;
		};
		025F8007259083250034A175 /* Release */ = {
			isa = XCBuildConfiguration;
			buildSettings = {
				ALWAYS_EMBED_SWIFT_STANDARD_LIBRARIES = YES;
				BUNDLE_LOADER = "$(TEST_HOST)";
				CODE_SIGN_STYLE = Automatic;
				DEVELOPMENT_TEAM = CVR223BS4M;
				INFOPLIST_FILE = TikiTokerTests/Info.plist;
				IPHONEOS_DEPLOYMENT_TARGET = 14.3;
				LD_RUNPATH_SEARCH_PATHS = (
					"$(inherited)",
					"@executable_path/Frameworks",
					"@loader_path/Frameworks",
				);
				PRODUCT_BUNDLE_IDENTIFIER = com.personal.TikiTokerTests;
				PRODUCT_NAME = "$(TARGET_NAME)";
				SWIFT_VERSION = 5.0;
				TARGETED_DEVICE_FAMILY = "1,2";
				TEST_HOST = "$(BUILT_PRODUCTS_DIR)/TikiToker.app/TikiToker";
			};
			name = Release;
		};
		025F8009259083250034A175 /* Debug */ = {
			isa = XCBuildConfiguration;
			buildSettings = {
				ALWAYS_EMBED_SWIFT_STANDARD_LIBRARIES = YES;
				CODE_SIGN_STYLE = Automatic;
				DEVELOPMENT_TEAM = CVR223BS4M;
				INFOPLIST_FILE = TikiTokerUITests/Info.plist;
				LD_RUNPATH_SEARCH_PATHS = (
					"$(inherited)",
					"@executable_path/Frameworks",
					"@loader_path/Frameworks",
				);
				PRODUCT_BUNDLE_IDENTIFIER = com.personal.TikiTokerUITests;
				PRODUCT_NAME = "$(TARGET_NAME)";
				SWIFT_VERSION = 5.0;
				TARGETED_DEVICE_FAMILY = "1,2";
				TEST_TARGET_NAME = TikiToker;
			};
			name = Debug;
		};
		025F800A259083250034A175 /* Release */ = {
			isa = XCBuildConfiguration;
			buildSettings = {
				ALWAYS_EMBED_SWIFT_STANDARD_LIBRARIES = YES;
				CODE_SIGN_STYLE = Automatic;
				DEVELOPMENT_TEAM = CVR223BS4M;
				INFOPLIST_FILE = TikiTokerUITests/Info.plist;
				LD_RUNPATH_SEARCH_PATHS = (
					"$(inherited)",
					"@executable_path/Frameworks",
					"@loader_path/Frameworks",
				);
				PRODUCT_BUNDLE_IDENTIFIER = com.personal.TikiTokerUITests;
				PRODUCT_NAME = "$(TARGET_NAME)";
				SWIFT_VERSION = 5.0;
				TARGETED_DEVICE_FAMILY = "1,2";
				TEST_TARGET_NAME = TikiToker;
			};
			name = Release;
		};
/* End XCBuildConfiguration section */

/* Begin XCConfigurationList section */
		025F7FD3259083210034A175 /* Build configuration list for PBXProject "TikiToker" */ = {
			isa = XCConfigurationList;
			buildConfigurations = (
				025F8000259083250034A175 /* Debug */,
				025F8001259083250034A175 /* Release */,
			);
			defaultConfigurationIsVisible = 0;
			defaultConfigurationName = Release;
		};
		025F8002259083250034A175 /* Build configuration list for PBXNativeTarget "TikiToker" */ = {
			isa = XCConfigurationList;
			buildConfigurations = (
				025F8003259083250034A175 /* Debug */,
				025F8004259083250034A175 /* Release */,
			);
			defaultConfigurationIsVisible = 0;
			defaultConfigurationName = Release;
		};
		025F8005259083250034A175 /* Build configuration list for PBXNativeTarget "TikiTokerTests" */ = {
			isa = XCConfigurationList;
			buildConfigurations = (
				025F8006259083250034A175 /* Debug */,
				025F8007259083250034A175 /* Release */,
			);
			defaultConfigurationIsVisible = 0;
			defaultConfigurationName = Release;
		};
		025F8008259083250034A175 /* Build configuration list for PBXNativeTarget "TikiTokerUITests" */ = {
			isa = XCConfigurationList;
			buildConfigurations = (
				025F8009259083250034A175 /* Debug */,
				025F800A259083250034A175 /* Release */,
			);
			defaultConfigurationIsVisible = 0;
			defaultConfigurationName = Release;
		};
/* End XCConfigurationList section */
	};
	rootObject = 025F7FD0259083210034A175 /* Project object */;
}
